{
  "version": 4,
  "terraform_version": "1.9.6",
  "serial": 41,
  "lineage": "da24eb22-330e-070a-4f75-e76f811889ea",
  "outputs": {},
  "resources": [
    {
      "mode": "managed",
      "type": "aws_vpc",
      "name": "vpc-us-west-1",
      "provider": "provider[\"registry.terraform.io/hashicorp/aws\"].aws-west-1",
      "instances": [
        {
          "schema_version": 1,
          "attributes": {
            "arn": "arn:aws:ec2:us-west-1:010928212680:vpc/vpc-0ae4f49e326f86850",
            "assign_generated_ipv6_cidr_block": false,
            "cidr_block": "10.2.0.0/16",
            "default_network_acl_id": "acl-04b56a29284f14eea",
            "default_route_table_id": "rtb-0c1edb113f6153ea5",
            "default_security_group_id": "sg-0b1abd80e085518ff",
            "dhcp_options_id": "dopt-0305553903e168368",
            "enable_dns_hostnames": false,
            "enable_dns_support": true,
            "enable_network_address_usage_metrics": false,
            "id": "vpc-0ae4f49e326f86850",
            "instance_tenancy": "default",
            "ipv4_ipam_pool_id": null,
            "ipv4_netmask_length": null,
            "ipv6_association_id": "",
            "ipv6_cidr_block": "",
            "ipv6_cidr_block_network_border_group": "",
            "ipv6_ipam_pool_id": "",
            "ipv6_netmask_length": 0,
            "main_route_table_id": "rtb-0c1edb113f6153ea5",
            "owner_id": "010928212680",
            "tags": {
              "Name": "vpc-us-west-1"
            },
            "tags_all": {
              "Name": "vpc-us-west-1"
            }
          },
          "sensitive_attributes": [],
          "private": "eyJzY2hlbWFfdmVyc2lvbiI6IjEifQ=="
        }
      ]
    }
  ],
  "check_results": null
}
